
Microsoft Visual Studio Solution File, Format Version 12.00
# Visual Studio Version 16
VisualStudioVersion = 16.0.31005.135
MinimumVisualStudioVersion = 10.0.40219.1
Project("{FAE04EC0-301F-11D3-BF4B-00C04F79EFBC}") = "HeaderChecker", "HeaderChecker\HeaderChecker.csproj", "{F5CCAEF3-C996-404C-8C36-4A866C0C1A8D}"
EndProject
Global
	GlobalSection(SolutionConfigurationPlatforms) = preSolution
		Debug|Any CPU = Debug|Any CPU
		Release|Any CPU = Release|Any CPU
	EndGlobalSection
	GlobalSection(ProjectConfigurationPlatforms) = postSolution
		{F5CCAEF3-C996-404C-8C36-4A866C0C1A8D}.Debug|Any CPU.ActiveCfg = Debug|Any CPU
		{F5CCAEF3-C996-404C-8C36-4A866C0C1A8D}.Debug|Any CPU.Build.0 = Debug|Any CPU
		{F5CCAEF3-C996-404C-8C36-4A866C0C1A8D}.Release|Any CPU.ActiveCfg = Release|Any CPU
		{F5CCAEF3-C996-404C-8C36-4A866C0C1A8D}.Release|Any CPU.Build.0 = Release|Any CPU
	EndGlobalSection
	GlobalSection(SolutionProperties) = preSolution
		HideSolutionNode = FALSE
	EndGlobalSection
	GlobalSection(ExtensibilityGlobals) = postSolution
		SolutionGuid = {E35DBF37-EE0F-496A-BEE1-3FCD2C5300C6}
	EndGlobalSection
EndGlobal
